
Microsoft Visual Studio Solution File, Format Version 12.00
# Visual Studio Version 17
VisualStudioVersion = 17.14.36401.2 d17.14
MinimumVisualStudioVersion = 10.0.40219.1
Project("{FAE04EC0-301F-11D3-BF4B-00C04F79EFBC}") = "BanyanSonic", "BanyanSonic.csproj", "{BF1E5419-800D-82B9-27BC-DC006A79DFBB}"
EndProject
Global
	GlobalSection(SolutionConfigurationPlatforms) = preSolution
		Debug|Any CPU = Debug|Any CPU
		Release|Any CPU = Release|Any CPU
	EndGlobalSection
	GlobalSection(ProjectConfigurationPlatforms) = postSolution
		{BF1E5419-800D-82B9-27BC-DC006A79DFBB}.Debug|Any CPU.ActiveCfg = Debug|Any CPU
		{BF1E5419-800D-82B9-27BC-DC006A79DFBB}.Debug|Any CPU.Build.0 = Debug|Any CPU
		{BF1E5419-800D-82B9-27BC-DC006A79DFBB}.Release|Any CPU.ActiveCfg = Release|Any CPU
		{BF1E5419-800D-82B9-27BC-DC006A79DFBB}.Release|Any CPU.Build.0 = Release|Any CPU
	EndGlobalSection
	GlobalSection(SolutionProperties) = preSolution
		HideSolutionNode = FALSE
	EndGlobalSection
	GlobalSection(ExtensibilityGlobals) = postSolution
		SolutionGuid = {7E2B5AF1-3F44-4D89-B89F-762085B3AC58}
	EndGlobalSection
EndGlobal
